
Microsoft Visual Studio Solution File, Format Version 12.00
# Visual Studio Version 17
VisualStudioVersion = 17.4.33110.190
MinimumVisualStudioVersion = 10.0.40219.1
Project("{FAE04EC0-301F-11D3-BF4B-00C04F79EFBC}") = "ChallengeMe", "ChallengeMe\ChallengeMe.csproj", "{2298EB84-2873-4505-A5A8-31A35A59A702}"
EndProject
Global
	GlobalSection(SolutionConfigurationPlatforms) = preSolution
		Debug|Any CPU = Debug|Any CPU
		Release|Any CPU = Release|Any CPU
	EndGlobalSection
	GlobalSection(ProjectConfigurationPlatforms) = postSolution
		{2298EB84-2873-4505-A5A8-31A35A59A702}.Debug|Any CPU.ActiveCfg = Debug|Any CPU
		{2298EB84-2873-4505-A5A8-31A35A59A702}.Debug|Any CPU.Build.0 = Debug|Any CPU
		{2298EB84-2873-4505-A5A8-31A35A59A702}.Release|Any CPU.ActiveCfg = Release|Any CPU
		{2298EB84-2873-4505-A5A8-31A35A59A702}.Release|Any CPU.Build.0 = Release|Any CPU
	EndGlobalSection
	GlobalSection(SolutionProperties) = preSolution
		HideSolutionNode = FALSE
	EndGlobalSection
	GlobalSection(ExtensibilityGlobals) = postSolution
		SolutionGuid = {F14625A6-B941-4F52-AD97-F0A70E68559D}
	EndGlobalSection
EndGlobal
